// !$*UTF8*$!
{
	archiveVersion = 1;
	classes = {
	};
	objectVersion = 50;
	objects = {

/* Begin PBXBuildFile section */
		10C7D8E0248735CC00A7DA67 /* AppDelegate.swift in Sources */ = {isa = PBXBuildFile; fileRef = 10C7D8DF248735CC00A7DA67 /* AppDelegate.swift */; };
		10C7D8E4248735CC00A7DA67 /* ExampleLoginController.swift in Sources */ = {isa = PBXBuildFile; fileRef = 10C7D8E3248735CC00A7DA67 /* ExampleLoginController.swift */; };
		10C7D8E7248735CC00A7DA67 /* Main.storyboard in Resources */ = {isa = PBXBuildFile; fileRef = 10C7D8E5248735CC00A7DA67 /* Main.storyboard */; };
		10C7D8E9248735CE00A7DA67 /* Assets.xcassets in Resources */ = {isa = PBXBuildFile; fileRef = 10C7D8E8248735CE00A7DA67 /* Assets.xcassets */; };
		10C7D8EC248735CE00A7DA67 /* LaunchScreen.storyboard in Resources */ = {isa = PBXBuildFile; fileRef = 10C7D8EA248735CE00A7DA67 /* LaunchScreen.storyboard */; };
		10C7D8FA2487427A00A7DA67 /* KakaoOpenSDK.framework in Frameworks */ = {isa = PBXBuildFile; fileRef = 10C7D8F92487427A00A7DA67 /* KakaoOpenSDK.framework */; };
		10C7D911248A085D00A7DA67 /* KakaoModel.swift in Sources */ = {isa = PBXBuildFile; fileRef = 10C7D90F248A085D00A7DA67 /* KakaoModel.swift */; };
		10C7D912248A085D00A7DA67 /* Kakao.swift in Sources */ = {isa = PBXBuildFile; fileRef = 10C7D910248A085D00A7DA67 /* Kakao.swift */; };
/* End PBXBuildFile section */

/* Begin PBXCopyFilesBuildPhase section */
		10C7D8F724873D8500A7DA67 /* Embed Frameworks */ = {
			isa = PBXCopyFilesBuildPhase;
			buildActionMask = 2147483647;
			dstPath = "";
			dstSubfolderSpec = 10;
			files = (
			);
			name = "Embed Frameworks";
			runOnlyForDeploymentPostprocessing = 0;
		};
/* End PBXCopyFilesBuildPhase section */

/* Begin PBXFileReference section */
		10C7D8DC248735CC00A7DA67 /* kakaoLogin.app */ = {isa = PBXFileReference; explicitFileType = wrapper.application; includeInIndex = 0; path = kakaoLogin.app; sourceTree = BUILT_PRODUCTS_DIR; };
		10C7D8DF248735CC00A7DA67 /* AppDelegate.swift */ = {isa = PBXFileReference; lastKnownFileType = sourcecode.swift; path = AppDelegate.swift; sourceTree = "<group>"; };
		10C7D8E3248735CC00A7DA67 /* ExampleLoginController.swift */ = {isa = PBXFileReference; lastKnownFileType = sourcecode.swift; path = ExampleLoginController.swift; sourceTree = "<group>"; };
		10C7D8E6248735CC00A7DA67 /* Base */ = {isa = PBXFileReference; lastKnownFileType = file.storyboard; name = Base; path = Base.lproj/Main.storyboard; sourceTree = "<group>"; };
		10C7D8E8248735CE00A7DA67 /* Assets.xcassets */ = {isa = PBXFileReference; lastKnownFileType = folder.assetcatalog; path = Assets.xcassets; sourceTree = "<group>"; };
		10C7D8EB248735CE00A7DA67 /* Base */ = {isa = PBXFileReference; lastKnownFileType = file.storyboard; name = Base; path = Base.lproj/LaunchScreen.storyboard; sourceTree = "<group>"; };
		10C7D8ED248735CE00A7DA67 /* Info.plist */ = {isa = PBXFileReference; lastKnownFileType = text.plist.xml; path = Info.plist; sourceTree = "<group>"; };
		10C7D8F92487427A00A7DA67 /* KakaoOpenSDK.framework */ = {isa = PBXFileReference; lastKnownFileType = wrapper.framework; path = KakaoOpenSDK.framework; sourceTree = "<group>"; };
		10C7D90F248A085D00A7DA67 /* KakaoModel.swift */ = {isa = PBXFileReference; fileEncoding = 4; lastKnownFileType = sourcecode.swift; path = KakaoModel.swift; sourceTree = "<group>"; };
		10C7D910248A085D00A7DA67 /* Kakao.swift */ = {isa = PBXFileReference; fileEncoding = 4; lastKnownFileType = sourcecode.swift; path = Kakao.swift; sourceTree = "<group>"; };
		10C7D913248A0CCF00A7DA67 /* KakaoOpenSDK-Bridging-Header.h */ = {isa = PBXFileReference; fileEncoding = 4; lastKnownFileType = sourcecode.c.h; path = "KakaoOpenSDK-Bridging-Header.h"; sourceTree = "<group>"; };
/* End PBXFileReference section */

/* Begin PBXFrameworksBuildPhase section */
		10C7D8D9248735CC00A7DA67 /* Frameworks */ = {
			isa = PBXFrameworksBuildPhase;
			buildActionMask = 2147483647;
			files = (
				10C7D8FA2487427A00A7DA67 /* KakaoOpenSDK.framework in Frameworks */,
			);
			runOnlyForDeploymentPostprocessing = 0;
		};
/* End PBXFrameworksBuildPhase section */

/* Begin PBXGroup section */
		10C7D8D3248735CC00A7DA67 = {
			isa = PBXGroup;
			children = (
				10C7D8DE248735CC00A7DA67 /* kakaoLogin */,
				10C7D8DD248735CC00A7DA67 /* Products */,
				10C7D8F324873D8500A7DA67 /* Frameworks */,
			);
			sourceTree = "<group>";
		};
		10C7D8DD248735CC00A7DA67 /* Products */ = {
			isa = PBXGroup;
			children = (
				10C7D8DC248735CC00A7DA67 /* kakaoLogin.app */,
			);
			name = Products;
			sourceTree = "<group>";
		};
		10C7D8DE248735CC00A7DA67 /* kakaoLogin */ = {
			isa = PBXGroup;
			children = (
				10C7D913248A0CCF00A7DA67 /* KakaoOpenSDK-Bridging-Header.h */,
				10C7D8DF248735CC00A7DA67 /* AppDelegate.swift */,
				10C7D8E3248735CC00A7DA67 /* ExampleLoginController.swift */,
				10C7D90F248A085D00A7DA67 /* KakaoModel.swift */,
				10C7D910248A085D00A7DA67 /* Kakao.swift */,
				10C7D8E5248735CC00A7DA67 /* Main.storyboard */,
				10C7D8E8248735CE00A7DA67 /* Assets.xcassets */,
				10C7D8EA248735CE00A7DA67 /* LaunchScreen.storyboard */,
				10C7D8ED248735CE00A7DA67 /* Info.plist */,
			);
			path = kakaoLogin;
			sourceTree = "<group>";
		};
		10C7D8F324873D8500A7DA67 /* Frameworks */ = {
			isa = PBXGroup;
			children = (
				10C7D8F92487427A00A7DA67 /* KakaoOpenSDK.framework */,
			);
			name = Frameworks;
			sourceTree = "<group>";
		};
/* End PBXGroup section */

/* Begin PBXNativeTarget section */
		10C7D8DB248735CC00A7DA67 /* kakaoLogin */ = {
			isa = PBXNativeTarget;
			buildConfigurationList = 10C7D8F0248735CE00A7DA67 /* Build configuration list for PBXNativeTarget "kakaoLogin" */;
			buildPhases = (
				10C7D8D8248735CC00A7DA67 /* Sources */,
				10C7D8D9248735CC00A7DA67 /* Frameworks */,
				10C7D8DA248735CC00A7DA67 /* Resources */,
				10C7D8F724873D8500A7DA67 /* Embed Frameworks */,
			);
			buildRules = (
			);
			dependencies = (
			);
			name = kakaoLogin;
			productName = kakaoLogin;
			productReference = 10C7D8DC248735CC00A7DA67 /* kakaoLogin.app */;
			productType = "com.apple.product-type.application";
		};
/* End PBXNativeTarget section */

/* Begin PBXProject section */
		10C7D8D4248735CC00A7DA67 /* Project object */ = {
			isa = PBXProject;
			attributes = {
				LastSwiftUpdateCheck = 1150;
				LastUpgradeCheck = 1150;
				ORGANIZATIONNAME = HJ;
				TargetAttributes = {
					10C7D8DB248735CC00A7DA67 = {
						CreatedOnToolsVersion = 11.5;
					};
				};
			};
			buildConfigurationList = 10C7D8D7248735CC00A7DA67 /* Build configuration list for PBXProject "kakaoLogin" */;
			compatibilityVersion = "Xcode 9.3";
			developmentRegion = en;
			hasScannedForEncodings = 0;
			knownRegions = (
				en,
				Base,
			);
			mainGroup = 10C7D8D3248735CC00A7DA67;
			productRefGroup = 10C7D8DD248735CC00A7DA67 /* Products */;
			projectDirPath = "";
			projectRoot = "";
			targets = (
				10C7D8DB248735CC00A7DA67 /* kakaoLogin */,
			);
		};
/* End PBXProject section */

/* Begin PBXResourcesBuildPhase section */
		10C7D8DA248735CC00A7DA67 /* Resources */ = {
			isa = PBXResourcesBuildPhase;
			buildActionMask = 2147483647;
			files = (
				10C7D8EC248735CE00A7DA67 /* LaunchScreen.storyboard in Resources */,
				10C7D8E9248735CE00A7DA67 /* Assets.xcassets in Resources */,
				10C7D8E7248735CC00A7DA67 /* Main.storyboard in Resources */,
			);
			runOnlyForDeploymentPostprocessing = 0;
		};
/* End PBXResourcesBuildPhase section */

/* Begin PBXSourcesBuildPhase section */
		10C7D8D8248735CC00A7DA67 /* Sources */ = {
			isa = PBXSourcesBuildPhase;
			buildActionMask = 2147483647;
			files = (
				10C7D8E4248735CC00A7DA67 /* ExampleLoginController.swift in Sources */,
				10C7D912248A085D00A7DA67 /* Kakao.swift in Sources */,
				10C7D911248A085D00A7DA67 /* KakaoModel.swift in Sources */,
				10C7D8E0248735CC00A7DA67 /* AppDelegate.swift in Sources */,
			);
			runOnlyForDeploymentPostprocessing = 0;
		};
/* End PBXSourcesBuildPhase section */

/* Begin PBXVariantGroup section */
		10C7D8E5248735CC00A7DA67 /* Main.storyboard */ = {
			isa = PBXVariantGroup;
			children = (
				10C7D8E6248735CC00A7DA67 /* Base */,
			);
			name = Main.storyboard;
			sourceTree = "<group>";
		};
		10C7D8EA248735CE00A7DA67 /* LaunchScreen.storyboard */ = {
			isa = PBXVariantGroup;
			children = (
				10C7D8EB248735CE00A7DA67 /* Base */,
			);
			name = LaunchScreen.storyboard;
			sourceTree = "<group>";
		};
/* End PBXVariantGroup section */

/* Begin XCBuildConfiguration section */
		10C7D8EE248735CE00A7DA67 /* Debug */ = {
			isa = XCBuildConfiguration;
			buildSettings = {
				ALWAYS_SEARCH_USER_PATHS = NO;
				CLANG_ANALYZER_NONNULL = YES;
				CLANG_ANALYZER_NUMBER_OBJECT_CONVERSION = YES_AGGRESSIVE;
				CLANG_CXX_LANGUAGE_STANDARD = "gnu++14";
				CLANG_CXX_LIBRARY = "libc++";
				CLANG_ENABLE_MODULES = YES;
				CLANG_ENABLE_OBJC_ARC = YES;
				CLANG_ENABLE_OBJC_WEAK = YES;
				CLANG_WARN_BLOCK_CAPTURE_AUTORELEASING = YES;
				CLANG_WARN_BOOL_CONVERSION = YES;
				CLANG_WARN_COMMA = YES;
				CLANG_WARN_CONSTANT_CONVERSION = YES;
				CLANG_WARN_DEPRECATED_OBJC_IMPLEMENTATIONS = YES;
				CLANG_WARN_DIRECT_OBJC_ISA_USAGE = YES_ERROR;
				CLANG_WARN_DOCUMENTATION_COMMENTS = YES;
				CLANG_WARN_EMPTY_BODY = YES;
				CLANG_WARN_ENUM_CONVERSION = YES;
				CLANG_WARN_INFINITE_RECURSION = YES;
				CLANG_WARN_INT_CONVERSION = YES;
				CLANG_WARN_NON_LITERAL_NULL_CONVERSION = YES;
				CLANG_WARN_OBJC_IMPLICIT_RETAIN_SELF = YES;
				CLANG_WARN_OBJC_LITERAL_CONVERSION = YES;
				CLANG_WARN_OBJC_ROOT_CLASS = YES_ERROR;
				CLANG_WARN_RANGE_LOOP_ANALYSIS = YES;
				CLANG_WARN_STRICT_PROTOTYPES = YES;
				CLANG_WARN_SUSPICIOUS_MOVE = YES;
				CLANG_WARN_UNGUARDED_AVAILABILITY = YES_AGGRESSIVE;
				CLANG_WARN_UNREACHABLE_CODE = YES;
				CLANG_WARN__DUPLICATE_METHOD_MATCH = YES;
				COPY_PHASE_STRIP = NO;
				DEBUG_INFORMATION_FORMAT = dwarf;
				ENABLE_STRICT_OBJC_MSGSEND = YES;
				ENABLE_TESTABILITY = YES;
				GCC_C_LANGUAGE_STANDARD = gnu11;
				GCC_DYNAMIC_NO_PIC = NO;
				GCC_NO_COMMON_BLOCKS = YES;
				GCC_OPTIMIZATION_LEVEL = 0;
				GCC_PREPROCESSOR_DEFINITIONS = (
					"DEBUG=1",
					"$(inherited)",
				);
				GCC_WARN_64_TO_32_BIT_CONVERSION = YES;
				GCC_WARN_ABOUT_RETURN_TYPE = YES_ERROR;
				GCC_WARN_UNDECLARED_SELECTOR = YES;
				GCC_WARN_UNINITIALIZED_AUTOS = YES_AGGRESSIVE;
				GCC_WARN_UNUSED_FUNCTION = YES;
				GCC_WARN_UNUSED_VARIABLE = YES;
				IPHONEOS_DEPLOYMENT_TARGET = 13.5;
				MTL_ENABLE_DEBUG_INFO = INCLUDE_SOURCE;
				MTL_FAST_MATH = YES;
				ONLY_ACTIVE_ARCH = YES;
				SDKROOT = iphoneos;
				SWIFT_ACTIVE_COMPILATION_CONDITIONS = DEBUG;
				SWIFT_OPTIMIZATION_LEVEL = "-Onone";
			};
			name = Debug;
		};
		10C7D8EF248735CE00A7DA67 /* Release */ = {
			isa = XCBuildConfiguration;
			buildSettings = {
				ALWAYS_SEARCH_USER_PATHS = NO;
				CLANG_ANALYZER_NONNULL = YES;
				CLANG_ANALYZER_NUMBER_OBJECT_CONVERSION = YES_AGGRESSIVE;
				CLANG_CXX_LANGUAGE_STANDARD = "gnu++14";
				CLANG_CXX_LIBRARY = "libc++";
				CLANG_ENABLE_MODULES = YES;
				CLANG_ENABLE_OBJC_ARC = YES;
				CLANG_ENABLE_OBJC_WEAK = YES;
				CLANG_WARN_BLOCK_CAPTURE_AUTORELEASING = YES;
				CLANG_WARN_BOOL_CONVERSION = YES;
				CLANG_WARN_COMMA = YES;
				CLANG_WARN_CONSTANT_CONVERSION = YES;
				CLANG_WARN_DEPRECATED_OBJC_IMPLEMENTATIONS = YES;
				CLANG_WARN_DIRECT_OBJC_ISA_USAGE = YES_ERROR;
				CLANG_WARN_DOCUMENTATION_COMMENTS = YES;
				CLANG_WARN_EMPTY_BODY = YES;
				CLANG_WARN_ENUM_CONVERSION = YES;
				CLANG_WARN_INFINITE_RECURSION = YES;
				CLANG_WARN_INT_CONVERSION = YES;
				CLANG_WARN_NON_LITERAL_NULL_CONVERSION = YES;
				CLANG_WARN_OBJC_IMPLICIT_RETAIN_SELF = YES;
				CLANG_WARN_OBJC_LITERAL_CONVERSION = YES;
				CLANG_WARN_OBJC_ROOT_CLASS = YES_ERROR;
				CLANG_WARN_RANGE_LOOP_ANALYSIS = YES;
				CLANG_WARN_STRICT_PROTOTYPES = YES;
				CLANG_WARN_SUSPICIOUS_MOVE = YES;
				CLANG_WARN_UNGUARDED_AVAILABILITY = YES_AGGRESSIVE;
				CLANG_WARN_UNREACHABLE_CODE = YES;
				CLANG_WARN__DUPLICATE_METHOD_MATCH = YES;
				COPY_PHASE_STRIP = NO;
				DEBUG_INFORMATION_FORMAT = "dwarf-with-dsym";
				ENABLE_NS_ASSERTIONS = NO;
				ENABLE_STRICT_OBJC_MSGSEND = YES;
				GCC_C_LANGUAGE_STANDARD = gnu11;
				GCC_NO_COMMON_BLOCKS = YES;
				GCC_WARN_64_TO_32_BIT_CONVERSION = YES;
				GCC_WARN_ABOUT_RETURN_TYPE = YES_ERROR;
				GCC_WARN_UNDECLARED_SELECTOR = YES;
				GCC_WARN_UNINITIALIZED_AUTOS = YES_AGGRESSIVE;
				GCC_WARN_UNUSED_FUNCTION = YES;
				GCC_WARN_UNUSED_VARIABLE = YES;
				IPHONEOS_DEPLOYMENT_TARGET = 13.5;
				MTL_ENABLE_DEBUG_INFO = NO;
				MTL_FAST_MATH = YES;
				SDKROOT = iphoneos;
				SWIFT_COMPILATION_MODE = wholemodule;
				SWIFT_OPTIMIZATION_LEVEL = "-O";
				VALIDATE_PRODUCT = YES;
			};
			name = Release;
		};
		10C7D8F1248735CE00A7DA67 /* Debug */ = {
			isa = XCBuildConfiguration;
			buildSettings = {
				ASSETCATALOG_COMPILER_APPICON_NAME = AppIcon;
				CODE_SIGN_STYLE = Automatic;
				DEVELOPMENT_TEAM = 3D2JL6BMG3;
				FRAMEWORK_SEARCH_PATHS = (
					"$(inherited)",
					"$(PROJECT_DIR)",
				);
				INFOPLIST_FILE = kakaoLogin/Info.plist;
				IPHONEOS_DEPLOYMENT_TARGET = 10.0;
				LD_RUNPATH_SEARCH_PATHS = (
					"$(inherited)",
					"@executable_path/Frameworks",
				);
				OTHER_LDFLAGS = "-all_load";
				PRODUCT_BUNDLE_IDENTIFIER = HJKim.kakaoLogin;
				PRODUCT_NAME = "$(TARGET_NAME)";
				SWIFT_OBJC_BRIDGING_HEADER = "./kakaoLogin/KakaoOpenSDK-Bridging-Header.h";
				SWIFT_VERSION = 5.0;
				TARGETED_DEVICE_FAMILY = "1,2";
			};
			name = Debug;
		};
		10C7D8F2248735CE00A7DA67 /* Release */ = {
			isa = XCBuildConfiguration;
			buildSettings = {
				ASSETCATALOG_COMPILER_APPICON_NAME = AppIcon;
				CODE_SIGN_STYLE = Automatic;
				DEVELOPMENT_TEAM = 3D2JL6BMG3;
				FRAMEWORK_SEARCH_PATHS = (
					"$(inherited)",
					"$(PROJECT_DIR)",
				);
				INFOPLIST_FILE = kakaoLogin/Info.plist;
				IPHONEOS_DEPLOYMENT_TARGET = 10.0;
				LD_RUNPATH_SEARCH_PATHS = (
					"$(inherited)",
					"@executable_path/Frameworks",
				);
				OTHER_LDFLAGS = "-all_load";
				PRODUCT_BUNDLE_IDENTIFIER = HJKim.kakaoLogin;
				PRODUCT_NAME = "$(TARGET_NAME)";
				SWIFT_OBJC_BRIDGING_HEADER = "./kakaoLogin/KakaoOpenSDK-Bridging-Header.h";
				SWIFT_VERSION = 5.0;
				TARGETED_DEVICE_FAMILY = "1,2";
			};
			name = Release;
		};
/* End XCBuildConfiguration section */

/* Begin XCConfigurationList section */
		10C7D8D7248735CC00A7DA67 /* Build configuration list for PBXProject "kakaoLogin" */ = {
			isa = XCConfigurationList;
			buildConfigurations = (
				10C7D8EE248735CE00A7DA67 /* Debug */,
				10C7D8EF248735CE00A7DA67 /* Release */,
			);
			defaultConfigurationIsVisible = 0;
			defaultConfigurationName = Release;
		};
		10C7D8F0248735CE00A7DA67 /* Build configuration list for PBXNativeTarget "kakaoLogin" */ = {
			isa = XCConfigurationList;
			buildConfigurations = (
				10C7D8F1248735CE00A7DA67 /* Debug */,
				10C7D8F2248735CE00A7DA67 /* Release */,
			);
			defaultConfigurationIsVisible = 0;
			defaultConfigurationName = Release;
		};
/* End XCConfigurationList section */
	};
	rootObject = 10C7D8D4248735CC00A7DA67 /* Project object */;
}
